
Microsoft Visual Studio Solution File, Format Version 12.00
# Visual Studio Version 16
VisualStudioVersion = 25.0.1705.4
MinimumVisualStudioVersion = 10.0.40219.1
Project("{FAE04EC0-301F-11D3-BF4B-00C04F79EFBC}") = "ecom-try1", "ecom-try1\ecom-try1.csproj", "{393E08EC-1775-404C-8754-4C3B3D5A81FF}"
EndProject
Global
	GlobalSection(SolutionConfigurationPlatforms) = preSolution
		Debug|Any CPU = Debug|Any CPU
		Release|Any CPU = Release|Any CPU
	EndGlobalSection
	GlobalSection(ProjectConfigurationPlatforms) = postSolution
		{393E08EC-1775-404C-8754-4C3B3D5A81FF}.Debug|Any CPU.ActiveCfg = Debug|Any CPU
		{393E08EC-1775-404C-8754-4C3B3D5A81FF}.Debug|Any CPU.Build.0 = Debug|Any CPU
		{393E08EC-1775-404C-8754-4C3B3D5A81FF}.Release|Any CPU.ActiveCfg = Release|Any CPU
		{393E08EC-1775-404C-8754-4C3B3D5A81FF}.Release|Any CPU.Build.0 = Release|Any CPU
	EndGlobalSection
	GlobalSection(SolutionProperties) = preSolution
		HideSolutionNode = FALSE
	EndGlobalSection
	GlobalSection(ExtensibilityGlobals) = postSolution
		SolutionGuid = {497BF327-922A-4584-900F-DB6D74395331}
	EndGlobalSection
EndGlobal
